// !$*UTF8*$!
{
	archiveVersion = 1;
	classes = {
	};
	objectVersion = 55;
	objects = {

/* Begin PBXBuildFile section */
		8D9336E528C0EAD300D59498 /* HInstaApp.swift in Sources */ = {isa = PBXBuildFile; fileRef = 8D9336E428C0EAD300D59498 /* HInstaApp.swift */; };
		8D9336E928C0EAD400D59498 /* Assets.xcassets in Resources */ = {isa = PBXBuildFile; fileRef = 8D9336E828C0EAD400D59498 /* Assets.xcassets */; };
		8D9336EC28C0EAD400D59498 /* Preview Assets.xcassets in Resources */ = {isa = PBXBuildFile; fileRef = 8D9336EB28C0EAD400D59498 /* Preview Assets.xcassets */; };
		8D9336EE28C0EAD400D59498 /* Persistence.swift in Sources */ = {isa = PBXBuildFile; fileRef = 8D9336ED28C0EAD400D59498 /* Persistence.swift */; };
		8D9336F128C0EAD400D59498 /* HInsta.xcdatamodeld in Sources */ = {isa = PBXBuildFile; fileRef = 8D9336EF28C0EAD400D59498 /* HInsta.xcdatamodeld */; };
		8D9336F928C0EB4100D59498 /* PushingSingIn.swift in Sources */ = {isa = PBXBuildFile; fileRef = 8D9336F828C0EB4100D59498 /* PushingSingIn.swift */; };
		8D9336FB28C0EB5000D59498 /* PushingSingUp.swift in Sources */ = {isa = PBXBuildFile; fileRef = 8D9336FA28C0EB5000D59498 /* PushingSingUp.swift */; };
		8D9336FD28C0EB5F00D59498 /* PresentSignIn.swift in Sources */ = {isa = PBXBuildFile; fileRef = 8D9336FC28C0EB5F00D59498 /* PresentSignIn.swift */; };
		8D9336FF28C0EB7700D59498 /* PresentSignUp.swift in Sources */ = {isa = PBXBuildFile; fileRef = 8D9336FE28C0EB7700D59498 /* PresentSignUp.swift */; };
		8D93370128C0F2F500D59498 /* HomeScreen.swift in Sources */ = {isa = PBXBuildFile; fileRef = 8D93370028C0F2F500D59498 /* HomeScreen.swift */; };
		8DBA685F28C210C5007E0CC1 /* PushingBase.swift in Sources */ = {isa = PBXBuildFile; fileRef = 8DBA685E28C210C5007E0CC1 /* PushingBase.swift */; };
		8DBA686128C210D4007E0CC1 /* PresentBase.swift in Sources */ = {isa = PBXBuildFile; fileRef = 8DBA686028C210D4007E0CC1 /* PresentBase.swift */; };
		8DBA686528C21385007E0CC1 /* PushingDetail.swift in Sources */ = {isa = PBXBuildFile; fileRef = 8DBA686428C21385007E0CC1 /* PushingDetail.swift */; };
		8DBA686728C21470007E0CC1 /* PresentDetail.swift in Sources */ = {isa = PBXBuildFile; fileRef = 8DBA686628C21470007E0CC1 /* PresentDetail.swift */; };
		8DBA686A28C22200007E0CC1 /* Status.swift in Sources */ = {isa = PBXBuildFile; fileRef = 8DBA686928C22200007E0CC1 /* Status.swift */; };
/* End PBXBuildFile section */

/* Begin PBXFileReference section */
		8D9336E128C0EAD300D59498 /* HInsta.app */ = {isa = PBXFileReference; explicitFileType = wrapper.application; includeInIndex = 0; path = HInsta.app; sourceTree = BUILT_PRODUCTS_DIR; };
		8D9336E428C0EAD300D59498 /* HInstaApp.swift */ = {isa = PBXFileReference; lastKnownFileType = sourcecode.swift; path = HInstaApp.swift; sourceTree = "<group>"; };
		8D9336E828C0EAD400D59498 /* Assets.xcassets */ = {isa = PBXFileReference; lastKnownFileType = folder.assetcatalog; path = Assets.xcassets; sourceTree = "<group>"; };
		8D9336EB28C0EAD400D59498 /* Preview Assets.xcassets */ = {isa = PBXFileReference; lastKnownFileType = folder.assetcatalog; path = "Preview Assets.xcassets"; sourceTree = "<group>"; };
		8D9336ED28C0EAD400D59498 /* Persistence.swift */ = {isa = PBXFileReference; lastKnownFileType = sourcecode.swift; path = Persistence.swift; sourceTree = "<group>"; };
		8D9336F028C0EAD400D59498 /* HInsta.xcdatamodel */ = {isa = PBXFileReference; lastKnownFileType = wrapper.xcdatamodel; path = HInsta.xcdatamodel; sourceTree = "<group>"; };
		8D9336F828C0EB4100D59498 /* PushingSingIn.swift */ = {isa = PBXFileReference; lastKnownFileType = sourcecode.swift; path = PushingSingIn.swift; sourceTree = "<group>"; };
		8D9336FA28C0EB5000D59498 /* PushingSingUp.swift */ = {isa = PBXFileReference; lastKnownFileType = sourcecode.swift; path = PushingSingUp.swift; sourceTree = "<group>"; };
		8D9336FC28C0EB5F00D59498 /* PresentSignIn.swift */ = {isa = PBXFileReference; lastKnownFileType = sourcecode.swift; path = PresentSignIn.swift; sourceTree = "<group>"; };
		8D9336FE28C0EB7700D59498 /* PresentSignUp.swift */ = {isa = PBXFileReference; lastKnownFileType = sourcecode.swift; path = PresentSignUp.swift; sourceTree = "<group>"; };
		8D93370028C0F2F500D59498 /* HomeScreen.swift */ = {isa = PBXFileReference; lastKnownFileType = sourcecode.swift; path = HomeScreen.swift; sourceTree = "<group>"; };
		8DBA685E28C210C5007E0CC1 /* PushingBase.swift */ = {isa = PBXFileReference; lastKnownFileType = sourcecode.swift; path = PushingBase.swift; sourceTree = "<group>"; };
		8DBA686028C210D4007E0CC1 /* PresentBase.swift */ = {isa = PBXFileReference; lastKnownFileType = sourcecode.swift; path = PresentBase.swift; sourceTree = "<group>"; };
		8DBA686428C21385007E0CC1 /* PushingDetail.swift */ = {isa = PBXFileReference; lastKnownFileType = sourcecode.swift; path = PushingDetail.swift; sourceTree = "<group>"; };
		8DBA686628C21470007E0CC1 /* PresentDetail.swift */ = {isa = PBXFileReference; lastKnownFileType = sourcecode.swift; path = PresentDetail.swift; sourceTree = "<group>"; };
		8DBA686928C22200007E0CC1 /* Status.swift */ = {isa = PBXFileReference; lastKnownFileType = sourcecode.swift; path = Status.swift; sourceTree = "<group>"; };
/* End PBXFileReference section */

/* Begin PBXFrameworksBuildPhase section */
		8D9336DE28C0EAD300D59498 /* Frameworks */ = {
			isa = PBXFrameworksBuildPhase;
			buildActionMask = 2147483647;
			files = (
			);
			runOnlyForDeploymentPostprocessing = 0;
		};
/* End PBXFrameworksBuildPhase section */

/* Begin PBXGroup section */
		8D9336D828C0EAD300D59498 = {
			isa = PBXGroup;
			children = (
				8D9336E328C0EAD300D59498 /* HInsta */,
				8D9336E228C0EAD300D59498 /* Products */,
			);
			sourceTree = "<group>";
		};
		8D9336E228C0EAD300D59498 /* Products */ = {
			isa = PBXGroup;
			children = (
				8D9336E128C0EAD300D59498 /* HInsta.app */,
			);
			name = Products;
			sourceTree = "<group>";
		};
		8D9336E328C0EAD300D59498 /* HInsta */ = {
			isa = PBXGroup;
			children = (
				8DBA686828C221F2007E0CC1 /* utils */,
				8D9336F728C0EB0C00D59498 /* Screens */,
				8D9336E428C0EAD300D59498 /* HInstaApp.swift */,
				8D93370028C0F2F500D59498 /* HomeScreen.swift */,
				8D9336E828C0EAD400D59498 /* Assets.xcassets */,
				8D9336ED28C0EAD400D59498 /* Persistence.swift */,
				8D9336EF28C0EAD400D59498 /* HInsta.xcdatamodeld */,
				8D9336EA28C0EAD400D59498 /* Preview Content */,
			);
			path = HInsta;
			sourceTree = "<group>";
		};
		8D9336EA28C0EAD400D59498 /* Preview Content */ = {
			isa = PBXGroup;
			children = (
				8D9336EB28C0EAD400D59498 /* Preview Assets.xcassets */,
			);
			path = "Preview Content";
			sourceTree = "<group>";
		};
		8D9336F728C0EB0C00D59498 /* Screens */ = {
			isa = PBXGroup;
			children = (
				8DBA685E28C210C5007E0CC1 /* PushingBase.swift */,
				8D9336F828C0EB4100D59498 /* PushingSingIn.swift */,
				8D9336FA28C0EB5000D59498 /* PushingSingUp.swift */,
				8DBA686428C21385007E0CC1 /* PushingDetail.swift */,
				8DBA686028C210D4007E0CC1 /* PresentBase.swift */,
				8D9336FC28C0EB5F00D59498 /* PresentSignIn.swift */,
				8D9336FE28C0EB7700D59498 /* PresentSignUp.swift */,
				8DBA686628C21470007E0CC1 /* PresentDetail.swift */,
			);
			path = Screens;
			sourceTree = "<group>";
		};
		8DBA686828C221F2007E0CC1 /* utils */ = {
			isa = PBXGroup;
			children = (
				8DBA686928C22200007E0CC1 /* Status.swift */,
			);
			path = utils;
			sourceTree = "<group>";
		};
/* End PBXGroup section */

/* Begin PBXNativeTarget section */
		8D9336E028C0EAD300D59498 /* HInsta */ = {
			isa = PBXNativeTarget;
			buildConfigurationList = 8D9336F428C0EAD400D59498 /* Build configuration list for PBXNativeTarget "HInsta" */;
			buildPhases = (
				8D9336DD28C0EAD300D59498 /* Sources */,
				8D9336DE28C0EAD300D59498 /* Frameworks */,
				8D9336DF28C0EAD300D59498 /* Resources */,
			);
			buildRules = (
			);
			dependencies = (
			);
			name = HInsta;
			productName = HInsta;
			productReference = 8D9336E128C0EAD300D59498 /* HInsta.app */;
			productType = "com.apple.product-type.application";
		};
/* End PBXNativeTarget section */

/* Begin PBXProject section */
		8D9336D928C0EAD300D59498 /* Project object */ = {
			isa = PBXProject;
			attributes = {
				BuildIndependentTargetsInParallel = 1;
				LastSwiftUpdateCheck = 1340;
				LastUpgradeCheck = 1340;
				TargetAttributes = {
					8D9336E028C0EAD300D59498 = {
						CreatedOnToolsVersion = 13.4.1;
					};
				};
			};
			buildConfigurationList = 8D9336DC28C0EAD300D59498 /* Build configuration list for PBXProject "HInsta" */;
			compatibilityVersion = "Xcode 13.0";
			developmentRegion = en;
			hasScannedForEncodings = 0;
			knownRegions = (
				en,
				Base,
			);
			mainGroup = 8D9336D828C0EAD300D59498;
			productRefGroup = 8D9336E228C0EAD300D59498 /* Products */;
			projectDirPath = "";
			projectRoot = "";
			targets = (
				8D9336E028C0EAD300D59498 /* HInsta */,
			);
		};
/* End PBXProject section */

/* Begin PBXResourcesBuildPhase section */
		8D9336DF28C0EAD300D59498 /* Resources */ = {
			isa = PBXResourcesBuildPhase;
			buildActionMask = 2147483647;
			files = (
				8D9336EC28C0EAD400D59498 /* Preview Assets.xcassets in Resources */,
				8D9336E928C0EAD400D59498 /* Assets.xcassets in Resources */,
			);
			runOnlyForDeploymentPostprocessing = 0;
		};
/* End PBXResourcesBuildPhase section */

/* Begin PBXSourcesBuildPhase section */
		8D9336DD28C0EAD300D59498 /* Sources */ = {
			isa = PBXSourcesBuildPhase;
			buildActionMask = 2147483647;
			files = (
				8D9336EE28C0EAD400D59498 /* Persistence.swift in Sources */,
				8D9336FD28C0EB5F00D59498 /* PresentSignIn.swift in Sources */,
				8D9336F928C0EB4100D59498 /* PushingSingIn.swift in Sources */,
				8D9336F128C0EAD400D59498 /* HInsta.xcdatamodeld in Sources */,
				8DBA686128C210D4007E0CC1 /* PresentBase.swift in Sources */,
				8D93370128C0F2F500D59498 /* HomeScreen.swift in Sources */,
				8DBA686728C21470007E0CC1 /* PresentDetail.swift in Sources */,
				8D9336FF28C0EB7700D59498 /* PresentSignUp.swift in Sources */,
				8D9336FB28C0EB5000D59498 /* PushingSingUp.swift in Sources */,
				8DBA686A28C22200007E0CC1 /* Status.swift in Sources */,
				8DBA685F28C210C5007E0CC1 /* PushingBase.swift in Sources */,
				8D9336E528C0EAD300D59498 /* HInstaApp.swift in Sources */,
				8DBA686528C21385007E0CC1 /* PushingDetail.swift in Sources */,
			);
			runOnlyForDeploymentPostprocessing = 0;
		};
/* End PBXSourcesBuildPhase section */

/* Begin XCBuildConfiguration section */
		8D9336F228C0EAD400D59498 /* Debug */ = {
			isa = XCBuildConfiguration;
			buildSettings = {
				ALWAYS_SEARCH_USER_PATHS = NO;
				CLANG_ANALYZER_NONNULL = YES;
				CLANG_ANALYZER_NUMBER_OBJECT_CONVERSION = YES_AGGRESSIVE;
				CLANG_CXX_LANGUAGE_STANDARD = "gnu++17";
				CLANG_ENABLE_MODULES = YES;
				CLANG_ENABLE_OBJC_ARC = YES;
				CLANG_ENABLE_OBJC_WEAK = YES;
				CLANG_WARN_BLOCK_CAPTURE_AUTORELEASING = YES;
				CLANG_WARN_BOOL_CONVERSION = YES;
				CLANG_WARN_COMMA = YES;
				CLANG_WARN_CONSTANT_CONVERSION = YES;
				CLANG_WARN_DEPRECATED_OBJC_IMPLEMENTATIONS = YES;
				CLANG_WARN_DIRECT_OBJC_ISA_USAGE = YES_ERROR;
				CLANG_WARN_DOCUMENTATION_COMMENTS = YES;
				CLANG_WARN_EMPTY_BODY = YES;
				CLANG_WARN_ENUM_CONVERSION = YES;
				CLANG_WARN_INFINITE_RECURSION = YES;
				CLANG_WARN_INT_CONVERSION = YES;
				CLANG_WARN_NON_LITERAL_NULL_CONVERSION = YES;
				CLANG_WARN_OBJC_IMPLICIT_RETAIN_SELF = YES;
				CLANG_WARN_OBJC_LITERAL_CONVERSION = YES;
				CLANG_WARN_OBJC_ROOT_CLASS = YES_ERROR;
				CLANG_WARN_QUOTED_INCLUDE_IN_FRAMEWORK_HEADER = YES;
				CLANG_WARN_RANGE_LOOP_ANALYSIS = YES;
				CLANG_WARN_STRICT_PROTOTYPES = YES;
				CLANG_WARN_SUSPICIOUS_MOVE = YES;
				CLANG_WARN_UNGUARDED_AVAILABILITY = YES_AGGRESSIVE;
				CLANG_WARN_UNREACHABLE_CODE = YES;
				CLANG_WARN__DUPLICATE_METHOD_MATCH = YES;
				COPY_PHASE_STRIP = NO;
				DEBUG_INFORMATION_FORMAT = dwarf;
				ENABLE_STRICT_OBJC_MSGSEND = YES;
				ENABLE_TESTABILITY = YES;
				GCC_C_LANGUAGE_STANDARD = gnu11;
				GCC_DYNAMIC_NO_PIC = NO;
				GCC_NO_COMMON_BLOCKS = YES;
				GCC_OPTIMIZATION_LEVEL = 0;
				GCC_PREPROCESSOR_DEFINITIONS = (
					"DEBUG=1",
					"$(inherited)",
				);
				GCC_WARN_64_TO_32_BIT_CONVERSION = YES;
				GCC_WARN_ABOUT_RETURN_TYPE = YES_ERROR;
				GCC_WARN_UNDECLARED_SELECTOR = YES;
				GCC_WARN_UNINITIALIZED_AUTOS = YES_AGGRESSIVE;
				GCC_WARN_UNUSED_FUNCTION = YES;
				GCC_WARN_UNUSED_VARIABLE = YES;
				IPHONEOS_DEPLOYMENT_TARGET = 15.5;
				MTL_ENABLE_DEBUG_INFO = INCLUDE_SOURCE;
				MTL_FAST_MATH = YES;
				ONLY_ACTIVE_ARCH = YES;
				SDKROOT = iphoneos;
				SWIFT_ACTIVE_COMPILATION_CONDITIONS = DEBUG;
				SWIFT_OPTIMIZATION_LEVEL = "-Onone";
			};
			name = Debug;
		};
		8D9336F328C0EAD400D59498 /* Release */ = {
			isa = XCBuildConfiguration;
			buildSettings = {
				ALWAYS_SEARCH_USER_PATHS = NO;
				CLANG_ANALYZER_NONNULL = YES;
				CLANG_ANALYZER_NUMBER_OBJECT_CONVERSION = YES_AGGRESSIVE;
				CLANG_CXX_LANGUAGE_STANDARD = "gnu++17";
				CLANG_ENABLE_MODULES = YES;
				CLANG_ENABLE_OBJC_ARC = YES;
				CLANG_ENABLE_OBJC_WEAK = YES;
				CLANG_WARN_BLOCK_CAPTURE_AUTORELEASING = YES;
				CLANG_WARN_BOOL_CONVERSION = YES;
				CLANG_WARN_COMMA = YES;
				CLANG_WARN_CONSTANT_CONVERSION = YES;
				CLANG_WARN_DEPRECATED_OBJC_IMPLEMENTATIONS = YES;
				CLANG_WARN_DIRECT_OBJC_ISA_USAGE = YES_ERROR;
				CLANG_WARN_DOCUMENTATION_COMMENTS = YES;
				CLANG_WARN_EMPTY_BODY = YES;
				CLANG_WARN_ENUM_CONVERSION = YES;
				CLANG_WARN_INFINITE_RECURSION = YES;
				CLANG_WARN_INT_CONVERSION = YES;
				CLANG_WARN_NON_LITERAL_NULL_CONVERSION = YES;
				CLANG_WARN_OBJC_IMPLICIT_RETAIN_SELF = YES;
				CLANG_WARN_OBJC_LITERAL_CONVERSION = YES;
				CLANG_WARN_OBJC_ROOT_CLASS = YES_ERROR;
				CLANG_WARN_QUOTED_INCLUDE_IN_FRAMEWORK_HEADER = YES;
				CLANG_WARN_RANGE_LOOP_ANALYSIS = YES;
				CLANG_WARN_STRICT_PROTOTYPES = YES;
				CLANG_WARN_SUSPICIOUS_MOVE = YES;
				CLANG_WARN_UNGUARDED_AVAILABILITY = YES_AGGRESSIVE;
				CLANG_WARN_UNREACHABLE_CODE = YES;
				CLANG_WARN__DUPLICATE_METHOD_MATCH = YES;
				COPY_PHASE_STRIP = NO;
				DEBUG_INFORMATION_FORMAT = "dwarf-with-dsym";
				ENABLE_NS_ASSERTIONS = NO;
				ENABLE_STRICT_OBJC_MSGSEND = YES;
				GCC_C_LANGUAGE_STANDARD = gnu11;
				GCC_NO_COMMON_BLOCKS = YES;
				GCC_WARN_64_TO_32_BIT_CONVERSION = YES;
				GCC_WARN_ABOUT_RETURN_TYPE = YES_ERROR;
				GCC_WARN_UNDECLARED_SELECTOR = YES;
				GCC_WARN_UNINITIALIZED_AUTOS = YES_AGGRESSIVE;
				GCC_WARN_UNUSED_FUNCTION = YES;
				GCC_WARN_UNUSED_VARIABLE = YES;
				IPHONEOS_DEPLOYMENT_TARGET = 15.5;
				MTL_ENABLE_DEBUG_INFO = NO;
				MTL_FAST_MATH = YES;
				SDKROOT = iphoneos;
				SWIFT_COMPILATION_MODE = wholemodule;
				SWIFT_OPTIMIZATION_LEVEL = "-O";
				VALIDATE_PRODUCT = YES;
			};
			name = Release;
		};
		8D9336F528C0EAD400D59498 /* Debug */ = {
			isa = XCBuildConfiguration;
			buildSettings = {
				ASSETCATALOG_COMPILER_APPICON_NAME = AppIcon;
				ASSETCATALOG_COMPILER_GLOBAL_ACCENT_COLOR_NAME = AccentColor;
				CODE_SIGN_STYLE = Automatic;
				CURRENT_PROJECT_VERSION = 1;
				DEVELOPMENT_ASSET_PATHS = "\"HInsta/Preview Content\"";
				DEVELOPMENT_TEAM = 9D9LQFC4NQ;
				ENABLE_PREVIEWS = YES;
				GENERATE_INFOPLIST_FILE = YES;
				INFOPLIST_KEY_UIApplicationSceneManifest_Generation = YES;
				INFOPLIST_KEY_UIApplicationSupportsIndirectInputEvents = YES;
				INFOPLIST_KEY_UILaunchScreen_Generation = YES;
				INFOPLIST_KEY_UISupportedInterfaceOrientations_iPad = "UIInterfaceOrientationPortrait UIInterfaceOrientationPortraitUpsideDown UIInterfaceOrientationLandscapeLeft UIInterfaceOrientationLandscapeRight";
				INFOPLIST_KEY_UISupportedInterfaceOrientations_iPhone = "UIInterfaceOrientationPortrait UIInterfaceOrientationLandscapeLeft UIInterfaceOrientationLandscapeRight";
				LD_RUNPATH_SEARCH_PATHS = (
					"$(inherited)",
					"@executable_path/Frameworks",
				);
				MARKETING_VERSION = 1.0;
				PRODUCT_BUNDLE_IDENTIFIER = uz.karavella.HInsta;
				PRODUCT_NAME = "$(TARGET_NAME)";
				SWIFT_EMIT_LOC_STRINGS = YES;
				SWIFT_VERSION = 5.0;
				TARGETED_DEVICE_FAMILY = "1,2";
			};
			name = Debug;
		};
		8D9336F628C0EAD400D59498 /* Release */ = {
			isa = XCBuildConfiguration;
			buildSettings = {
				ASSETCATALOG_COMPILER_APPICON_NAME = AppIcon;
				ASSETCATALOG_COMPILER_GLOBAL_ACCENT_COLOR_NAME = AccentColor;
				CODE_SIGN_STYLE = Automatic;
				CURRENT_PROJECT_VERSION = 1;
				DEVELOPMENT_ASSET_PATHS = "\"HInsta/Preview Content\"";
				DEVELOPMENT_TEAM = 9D9LQFC4NQ;
				ENABLE_PREVIEWS = YES;
				GENERATE_INFOPLIST_FILE = YES;
				INFOPLIST_KEY_UIApplicationSceneManifest_Generation = YES;
				INFOPLIST_KEY_UIApplicationSupportsIndirectInputEvents = YES;
				INFOPLIST_KEY_UILaunchScreen_Generation = YES;
				INFOPLIST_KEY_UISupportedInterfaceOrientations_iPad = "UIInterfaceOrientationPortrait UIInterfaceOrientationPortraitUpsideDown UIInterfaceOrientationLandscapeLeft UIInterfaceOrientationLandscapeRight";
				INFOPLIST_KEY_UISupportedInterfaceOrientations_iPhone = "UIInterfaceOrientationPortrait UIInterfaceOrientationLandscapeLeft UIInterfaceOrientationLandscapeRight";
				LD_RUNPATH_SEARCH_PATHS = (
					"$(inherited)",
					"@executable_path/Frameworks",
				);
				MARKETING_VERSION = 1.0;
				PRODUCT_BUNDLE_IDENTIFIER = uz.karavella.HInsta;
				PRODUCT_NAME = "$(TARGET_NAME)";
				SWIFT_EMIT_LOC_STRINGS = YES;
				SWIFT_VERSION = 5.0;
				TARGETED_DEVICE_FAMILY = "1,2";
			};
			name = Release;
		};
/* End XCBuildConfiguration section */

/* Begin XCConfigurationList section */
		8D9336DC28C0EAD300D59498 /* Build configuration list for PBXProject "HInsta" */ = {
			isa = XCConfigurationList;
			buildConfigurations = (
				8D9336F228C0EAD400D59498 /* Debug */,
				8D9336F328C0EAD400D59498 /* Release */,
			);
			defaultConfigurationIsVisible = 0;
			defaultConfigurationName = Release;
		};
		8D9336F428C0EAD400D59498 /* Build configuration list for PBXNativeTarget "HInsta" */ = {
			isa = XCConfigurationList;
			buildConfigurations = (
				8D9336F528C0EAD400D59498 /* Debug */,
				8D9336F628C0EAD400D59498 /* Release */,
			);
			defaultConfigurationIsVisible = 0;
			defaultConfigurationName = Release;
		};
/* End XCConfigurationList section */

/* Begin XCVersionGroup section */
		8D9336EF28C0EAD400D59498 /* HInsta.xcdatamodeld */ = {
			isa = XCVersionGroup;
			children = (
				8D9336F028C0EAD400D59498 /* HInsta.xcdatamodel */,
			);
			currentVersion = 8D9336F028C0EAD400D59498 /* HInsta.xcdatamodel */;
			path = HInsta.xcdatamodeld;
			sourceTree = "<group>";
			versionGroupType = wrapper.xcdatamodel;
		};
/* End XCVersionGroup section */
	};
	rootObject = 8D9336D928C0EAD300D59498 /* Project object */;
}
